# This file is automatically @generated by Cargo.
# It is not intended for manual editing.
version = 3

[[package]]
name = "bitflags"
version = "1.2.1"
source = "registry+https://github.com/rust-lang/crates.io-index"
checksum = "cf1de2fe8c75bc145a2f577add951f8134889b4795d47466a54a5c846d691693"

[[package]]
name = "fd-reactor"
version = "0.1.0"
source = "registry+https://github.com/rust-lang/crates.io-index"
checksum = "9a030235bc430f977b66e18f365efea552caaee650981ed2c4490c2892b048f8"
dependencies = [
 "bitflags",
 "libc",
 "once_cell",
]

[[package]]
name = "libc"
version = "0.2.98"
source = "registry+https://github.com/rust-lang/crates.io-index"
checksum = "320cfe77175da3a483efed4bc0adc1968ca050b098ce4f2f1c13a56626128790"

[[package]]
name = "once_cell"
version = "1.8.0"
source = "registry+https://github.com/rust-lang/crates.io-index"
checksum = "692fcb63b64b1758029e0a96ee63e049ce8c5948587f2f7208df04625e5f6b56"

[[package]]
name = "pidfd"
version = "0.2.4"
source = "registry+https://github.com/rust-lang/crates.io-index"
checksum = "5fd1c49cdc58d1424622ff3c1e1bf7b9176e4370ced14063cbc44cfb5b62a408"
dependencies = [
 "fd-reactor",
 "libc",
]

[[package]]
name = "pidfd_getfd"
version = "0.1.0"
dependencies = [
 "libc",
 "pidfd",
]
